// !$*UTF8*$!
{
	archiveVersion = 1;
	classes = {
	};
	objectVersion = 50;
	objects = {

/* Begin PBXBuildFile section */
		C001BF4626830767006D1A17 /* HabitCollectionViewCell.swift in Sources */ = {isa = PBXBuildFile; fileRef = C001BF4526830767006D1A17 /* HabitCollectionViewCell.swift */; };
		C001BF4826848927006D1A17 /* ProgressCollectionViewCell.swift in Sources */ = {isa = PBXBuildFile; fileRef = C001BF4726848927006D1A17 /* ProgressCollectionViewCell.swift */; };
		C001BF4C2684EAE9006D1A17 /* myColors.swift in Sources */ = {isa = PBXBuildFile; fileRef = C001BF4B2684EAE9006D1A17 /* myColors.swift */; };
		C001BF4E2684F0AB006D1A17 /* HabitDetailsTableViewCell.swift in Sources */ = {isa = PBXBuildFile; fileRef = C001BF4D2684F0AB006D1A17 /* HabitDetailsTableViewCell.swift */; };
		C008234B268E4E6400353743 /* TrackingAlert.swift in Sources */ = {isa = PBXBuildFile; fileRef = C008234A268E4E6400353743 /* TrackingAlert.swift */; };
		C008234F268F157F00353743 /* RefreshHabitDetailsTitle.swift in Sources */ = {isa = PBXBuildFile; fileRef = C008234E268F157F00353743 /* RefreshHabitDetailsTitle.swift */; };
		C0409E252680A41800FCA6B8 /* myFonts.swift in Sources */ = {isa = PBXBuildFile; fileRef = C0409E242680A41800FCA6B8 /* myFonts.swift */; };
		C05740A1267A4A060063B25E /* AppDelegate.swift in Sources */ = {isa = PBXBuildFile; fileRef = C05740A0267A4A060063B25E /* AppDelegate.swift */; };
		C05740A3267A4A060063B25E /* SceneDelegate.swift in Sources */ = {isa = PBXBuildFile; fileRef = C05740A2267A4A060063B25E /* SceneDelegate.swift */; };
		C05740A8267A4A060063B25E /* Main.storyboard in Resources */ = {isa = PBXBuildFile; fileRef = C05740A6267A4A060063B25E /* Main.storyboard */; };
		C05740AD267A4A080063B25E /* LaunchScreen.storyboard in Resources */ = {isa = PBXBuildFile; fileRef = C05740AB267A4A080063B25E /* LaunchScreen.storyboard */; };
		C05740B5267A4B880063B25E /* HabitsStore.swift in Sources */ = {isa = PBXBuildFile; fileRef = C05740B4267A4B880063B25E /* HabitsStore.swift */; };
		C05740B7267A5B080063B25E /* HabitsViewController.swift in Sources */ = {isa = PBXBuildFile; fileRef = C05740B6267A5B080063B25E /* HabitsViewController.swift */; };
		C05740B9267A5B3E0063B25E /* InfoViewController.swift in Sources */ = {isa = PBXBuildFile; fileRef = C05740B8267A5B3E0063B25E /* InfoViewController.swift */; };
		C05740BB267A5E7E0063B25E /* HabitDetailsViewController.swift in Sources */ = {isa = PBXBuildFile; fileRef = C05740BA267A5E7E0063B25E /* HabitDetailsViewController.swift */; };
		C05740C1267A60360063B25E /* toAutolayout().swift in Sources */ = {isa = PBXBuildFile; fileRef = C05740C0267A60360063B25E /* toAutolayout().swift */; };
		C05740C3267A62AD0063B25E /* addSubviews().swift in Sources */ = {isa = PBXBuildFile; fileRef = C05740C2267A62AD0063B25E /* addSubviews().swift */; };
		C05740C7267A6D9D0063B25E /* InfoText.swift in Sources */ = {isa = PBXBuildFile; fileRef = C05740C6267A6D9D0063B25E /* InfoText.swift */; };
		C0FCA101268067DB003D576F /* HabitViewController.swift in Sources */ = {isa = PBXBuildFile; fileRef = C0FCA100268067DB003D576F /* HabitViewController.swift */; };
		C0FCA10326807050003D576F /* Assets.xcassets in Resources */ = {isa = PBXBuildFile; fileRef = C0FCA10226807050003D576F /* Assets.xcassets */; };
/* End PBXBuildFile section */

/* Begin PBXFileReference section */
		C001BF4526830767006D1A17 /* HabitCollectionViewCell.swift */ = {isa = PBXFileReference; lastKnownFileType = sourcecode.swift; path = HabitCollectionViewCell.swift; sourceTree = "<group>"; };
		C001BF4726848927006D1A17 /* ProgressCollectionViewCell.swift */ = {isa = PBXFileReference; lastKnownFileType = sourcecode.swift; path = ProgressCollectionViewCell.swift; sourceTree = "<group>"; };
		C001BF4B2684EAE9006D1A17 /* myColors.swift */ = {isa = PBXFileReference; lastKnownFileType = sourcecode.swift; path = myColors.swift; sourceTree = "<group>"; };
		C001BF4D2684F0AB006D1A17 /* HabitDetailsTableViewCell.swift */ = {isa = PBXFileReference; lastKnownFileType = sourcecode.swift; path = HabitDetailsTableViewCell.swift; sourceTree = "<group>"; };
		C008234A268E4E6400353743 /* TrackingAlert.swift */ = {isa = PBXFileReference; lastKnownFileType = sourcecode.swift; path = TrackingAlert.swift; sourceTree = "<group>"; };
		C008234E268F157F00353743 /* RefreshHabitDetailsTitle.swift */ = {isa = PBXFileReference; lastKnownFileType = sourcecode.swift; path = RefreshHabitDetailsTitle.swift; sourceTree = "<group>"; };
		C0409E242680A41800FCA6B8 /* myFonts.swift */ = {isa = PBXFileReference; lastKnownFileType = sourcecode.swift; path = myFonts.swift; sourceTree = "<group>"; };
		C057409D267A4A060063B25E /* MyHabits.app */ = {isa = PBXFileReference; explicitFileType = wrapper.application; includeInIndex = 0; path = MyHabits.app; sourceTree = BUILT_PRODUCTS_DIR; };
		C05740A0267A4A060063B25E /* AppDelegate.swift */ = {isa = PBXFileReference; lastKnownFileType = sourcecode.swift; path = AppDelegate.swift; sourceTree = "<group>"; };
		C05740A2267A4A060063B25E /* SceneDelegate.swift */ = {isa = PBXFileReference; lastKnownFileType = sourcecode.swift; path = SceneDelegate.swift; sourceTree = "<group>"; };
		C05740A7267A4A060063B25E /* Base */ = {isa = PBXFileReference; lastKnownFileType = file.storyboard; name = Base; path = Base.lproj/Main.storyboard; sourceTree = "<group>"; };
		C05740AC267A4A080063B25E /* Base */ = {isa = PBXFileReference; lastKnownFileType = file.storyboard; name = Base; path = Base.lproj/LaunchScreen.storyboard; sourceTree = "<group>"; };
		C05740AE267A4A080063B25E /* Info.plist */ = {isa = PBXFileReference; lastKnownFileType = text.plist.xml; path = Info.plist; sourceTree = "<group>"; };
		C05740B4267A4B880063B25E /* HabitsStore.swift */ = {isa = PBXFileReference; fileEncoding = 4; lastKnownFileType = sourcecode.swift; path = HabitsStore.swift; sourceTree = "<group>"; };
		C05740B6267A5B080063B25E /* HabitsViewController.swift */ = {isa = PBXFileReference; lastKnownFileType = sourcecode.swift; path = HabitsViewController.swift; sourceTree = "<group>"; };
		C05740B8267A5B3E0063B25E /* InfoViewController.swift */ = {isa = PBXFileReference; lastKnownFileType = sourcecode.swift; path = InfoViewController.swift; sourceTree = "<group>"; };
		C05740BA267A5E7E0063B25E /* HabitDetailsViewController.swift */ = {isa = PBXFileReference; lastKnownFileType = sourcecode.swift; path = HabitDetailsViewController.swift; sourceTree = "<group>"; };
		C05740C0267A60360063B25E /* toAutolayout().swift */ = {isa = PBXFileReference; lastKnownFileType = sourcecode.swift; path = "toAutolayout().swift"; sourceTree = "<group>"; };
		C05740C2267A62AD0063B25E /* addSubviews().swift */ = {isa = PBXFileReference; lastKnownFileType = sourcecode.swift; path = "addSubviews().swift"; sourceTree = "<group>"; };
		C05740C6267A6D9D0063B25E /* InfoText.swift */ = {isa = PBXFileReference; lastKnownFileType = sourcecode.swift; path = InfoText.swift; sourceTree = "<group>"; };
		C0FCA100268067DB003D576F /* HabitViewController.swift */ = {isa = PBXFileReference; lastKnownFileType = sourcecode.swift; path = HabitViewController.swift; sourceTree = "<group>"; };
		C0FCA10226807050003D576F /* Assets.xcassets */ = {isa = PBXFileReference; lastKnownFileType = folder.assetcatalog; path = Assets.xcassets; sourceTree = "<group>"; };
/* End PBXFileReference section */

/* Begin PBXFrameworksBuildPhase section */
		C057409A267A4A060063B25E /* Frameworks */ = {
			isa = PBXFrameworksBuildPhase;
			buildActionMask = 2147483647;
			files = (
			);
			runOnlyForDeploymentPostprocessing = 0;
		};
/* End PBXFrameworksBuildPhase section */

/* Begin PBXGroup section */
		C001BF492684E93F006D1A17 /* HabitVC */ = {
			isa = PBXGroup;
			children = (
				C05740BA267A5E7E0063B25E /* HabitDetailsViewController.swift */,
				C001BF4D2684F0AB006D1A17 /* HabitDetailsTableViewCell.swift */,
				C0FCA100268067DB003D576F /* HabitViewController.swift */,
				C008234E268F157F00353743 /* RefreshHabitDetailsTitle.swift */,
			);
			path = HabitVC;
			sourceTree = "<group>";
		};
		C001BF4A2684E99A006D1A17 /* Helpers */ = {
			isa = PBXGroup;
			children = (
				C0409E242680A41800FCA6B8 /* myFonts.swift */,
				C001BF4B2684EAE9006D1A17 /* myColors.swift */,
				C05740C0267A60360063B25E /* toAutolayout().swift */,
				C05740C2267A62AD0063B25E /* addSubviews().swift */,
			);
			path = Helpers;
			sourceTree = "<group>";
		};
		C0574094267A4A060063B25E = {
			isa = PBXGroup;
			children = (
				C057409F267A4A060063B25E /* MyHabits */,
				C057409E267A4A060063B25E /* Products */,
			);
			sourceTree = "<group>";
		};
		C057409E267A4A060063B25E /* Products */ = {
			isa = PBXGroup;
			children = (
				C057409D267A4A060063B25E /* MyHabits.app */,
			);
			name = Products;
			sourceTree = "<group>";
		};
		C057409F267A4A060063B25E /* MyHabits */ = {
			isa = PBXGroup;
			children = (
				C05740AB267A4A080063B25E /* LaunchScreen.storyboard */,
				C05740A6267A4A060063B25E /* Main.storyboard */,
				C05740BF267A5F760063B25E /* InfoVC */,
				C05740BE267A5F570063B25E /* HabitsVC */,
				C001BF492684E93F006D1A17 /* HabitVC */,
				C05740BD267A5F090063B25E /* Store */,
				C001BF4A2684E99A006D1A17 /* Helpers */,
				C05740BC267A5EAE0063B25E /* system */,
				C05740AE267A4A080063B25E /* Info.plist */,
			);
			path = MyHabits;
			sourceTree = "<group>";
		};
		C05740BC267A5EAE0063B25E /* system */ = {
			isa = PBXGroup;
			children = (
				C05740A2267A4A060063B25E /* SceneDelegate.swift */,
				C05740A0267A4A060063B25E /* AppDelegate.swift */,
			);
			path = system;
			sourceTree = "<group>";
		};
		C05740BD267A5F090063B25E /* Store */ = {
			isa = PBXGroup;
			children = (
				C05740B4267A4B880063B25E /* HabitsStore.swift */,
				C0FCA10226807050003D576F /* Assets.xcassets */,
			);
			path = Store;
			sourceTree = "<group>";
		};
		C05740BE267A5F570063B25E /* HabitsVC */ = {
			isa = PBXGroup;
			children = (
				C05740B6267A5B080063B25E /* HabitsViewController.swift */,
				C001BF4526830767006D1A17 /* HabitCollectionViewCell.swift */,
				C001BF4726848927006D1A17 /* ProgressCollectionViewCell.swift */,
				C008234A268E4E6400353743 /* TrackingAlert.swift */,
			);
			path = HabitsVC;
			sourceTree = "<group>";
		};
		C05740BF267A5F760063B25E /* InfoVC */ = {
			isa = PBXGroup;
			children = (
				C05740B8267A5B3E0063B25E /* InfoViewController.swift */,
				C05740C6267A6D9D0063B25E /* InfoText.swift */,
			);
			path = InfoVC;
			sourceTree = "<group>";
		};
/* End PBXGroup section */

/* Begin PBXNativeTarget section */
		C057409C267A4A060063B25E /* MyHabits */ = {
			isa = PBXNativeTarget;
			buildConfigurationList = C05740B1267A4A080063B25E /* Build configuration list for PBXNativeTarget "MyHabits" */;
			buildPhases = (
				C0574099267A4A060063B25E /* Sources */,
				C057409A267A4A060063B25E /* Frameworks */,
				C057409B267A4A060063B25E /* Resources */,
			);
			buildRules = (
			);
			dependencies = (
			);
			name = MyHabits;
			productName = MyHabits;
			productReference = C057409D267A4A060063B25E /* MyHabits.app */;
			productType = "com.apple.product-type.application";
		};
/* End PBXNativeTarget section */

/* Begin PBXProject section */
		C0574095267A4A060063B25E /* Project object */ = {
			isa = PBXProject;
			attributes = {
				LastSwiftUpdateCheck = 1250;
				LastUpgradeCheck = 1250;
				TargetAttributes = {
					C057409C267A4A060063B25E = {
						CreatedOnToolsVersion = 12.5;
					};
				};
			};
			buildConfigurationList = C0574098267A4A060063B25E /* Build configuration list for PBXProject "MyHabits" */;
			compatibilityVersion = "Xcode 9.3";
			developmentRegion = en;
			hasScannedForEncodings = 0;
			knownRegions = (
				en,
				Base,
			);
			mainGroup = C0574094267A4A060063B25E;
			productRefGroup = C057409E267A4A060063B25E /* Products */;
			projectDirPath = "";
			projectRoot = "";
			targets = (
				C057409C267A4A060063B25E /* MyHabits */,
			);
		};
/* End PBXProject section */

/* Begin PBXResourcesBuildPhase section */
		C057409B267A4A060063B25E /* Resources */ = {
			isa = PBXResourcesBuildPhase;
			buildActionMask = 2147483647;
			files = (
				C05740AD267A4A080063B25E /* LaunchScreen.storyboard in Resources */,
				C0FCA10326807050003D576F /* Assets.xcassets in Resources */,
				C05740A8267A4A060063B25E /* Main.storyboard in Resources */,
			);
			runOnlyForDeploymentPostprocessing = 0;
		};
/* End PBXResourcesBuildPhase section */

/* Begin PBXSourcesBuildPhase section */
		C0574099267A4A060063B25E /* Sources */ = {
			isa = PBXSourcesBuildPhase;
			buildActionMask = 2147483647;
			files = (
				C05740C3267A62AD0063B25E /* addSubviews().swift in Sources */,
				C008234B268E4E6400353743 /* TrackingAlert.swift in Sources */,
				C001BF4C2684EAE9006D1A17 /* myColors.swift in Sources */,
				C05740B5267A4B880063B25E /* HabitsStore.swift in Sources */,
				C05740C1267A60360063B25E /* toAutolayout().swift in Sources */,
				C05740BB267A5E7E0063B25E /* HabitDetailsViewController.swift in Sources */,
				C05740A1267A4A060063B25E /* AppDelegate.swift in Sources */,
				C05740B7267A5B080063B25E /* HabitsViewController.swift in Sources */,
				C0FCA101268067DB003D576F /* HabitViewController.swift in Sources */,
				C05740B9267A5B3E0063B25E /* InfoViewController.swift in Sources */,
				C001BF4626830767006D1A17 /* HabitCollectionViewCell.swift in Sources */,
				C0409E252680A41800FCA6B8 /* myFonts.swift in Sources */,
				C001BF4826848927006D1A17 /* ProgressCollectionViewCell.swift in Sources */,
				C05740A3267A4A060063B25E /* SceneDelegate.swift in Sources */,
				C008234F268F157F00353743 /* RefreshHabitDetailsTitle.swift in Sources */,
				C05740C7267A6D9D0063B25E /* InfoText.swift in Sources */,
				C001BF4E2684F0AB006D1A17 /* HabitDetailsTableViewCell.swift in Sources */,
			);
			runOnlyForDeploymentPostprocessing = 0;
		};
/* End PBXSourcesBuildPhase section */

/* Begin PBXVariantGroup section */
		C05740A6267A4A060063B25E /* Main.storyboard */ = {
			isa = PBXVariantGroup;
			children = (
				C05740A7267A4A060063B25E /* Base */,
			);
			name = Main.storyboard;
			sourceTree = "<group>";
		};
		C05740AB267A4A080063B25E /* LaunchScreen.storyboard */ = {
			isa = PBXVariantGroup;
			children = (
				C05740AC267A4A080063B25E /* Base */,
			);
			name = LaunchScreen.storyboard;
			sourceTree = "<group>";
		};
/* End PBXVariantGroup section */

/* Begin XCBuildConfiguration section */
		C05740AF267A4A080063B25E /* Debug */ = {
			isa = XCBuildConfiguration;
			buildSettings = {
				ALWAYS_SEARCH_USER_PATHS = NO;
				CLANG_ANALYZER_NONNULL = YES;
				CLANG_ANALYZER_NUMBER_OBJECT_CONVERSION = YES_AGGRESSIVE;
				CLANG_CXX_LANGUAGE_STANDARD = "gnu++14";
				CLANG_CXX_LIBRARY = "libc++";
				CLANG_ENABLE_MODULES = YES;
				CLANG_ENABLE_OBJC_ARC = YES;
				CLANG_ENABLE_OBJC_WEAK = YES;
				CLANG_WARN_BLOCK_CAPTURE_AUTORELEASING = YES;
				CLANG_WARN_BOOL_CONVERSION = YES;
				CLANG_WARN_COMMA = YES;
				CLANG_WARN_CONSTANT_CONVERSION = YES;
				CLANG_WARN_DEPRECATED_OBJC_IMPLEMENTATIONS = YES;
				CLANG_WARN_DIRECT_OBJC_ISA_USAGE = YES_ERROR;
				CLANG_WARN_DOCUMENTATION_COMMENTS = YES;
				CLANG_WARN_EMPTY_BODY = YES;
				CLANG_WARN_ENUM_CONVERSION = YES;
				CLANG_WARN_INFINITE_RECURSION = YES;
				CLANG_WARN_INT_CONVERSION = YES;
				CLANG_WARN_NON_LITERAL_NULL_CONVERSION = YES;
				CLANG_WARN_OBJC_IMPLICIT_RETAIN_SELF = YES;
				CLANG_WARN_OBJC_LITERAL_CONVERSION = YES;
				CLANG_WARN_OBJC_ROOT_CLASS = YES_ERROR;
				CLANG_WARN_QUOTED_INCLUDE_IN_FRAMEWORK_HEADER = YES;
				CLANG_WARN_RANGE_LOOP_ANALYSIS = YES;
				CLANG_WARN_STRICT_PROTOTYPES = YES;
				CLANG_WARN_SUSPICIOUS_MOVE = YES;
				CLANG_WARN_UNGUARDED_AVAILABILITY = YES_AGGRESSIVE;
				CLANG_WARN_UNREACHABLE_CODE = YES;
				CLANG_WARN__DUPLICATE_METHOD_MATCH = YES;
				COPY_PHASE_STRIP = NO;
				DEBUG_INFORMATION_FORMAT = dwarf;
				ENABLE_STRICT_OBJC_MSGSEND = YES;
				ENABLE_TESTABILITY = YES;
				GCC_C_LANGUAGE_STANDARD = gnu11;
				GCC_DYNAMIC_NO_PIC = NO;
				GCC_NO_COMMON_BLOCKS = YES;
				GCC_OPTIMIZATION_LEVEL = 0;
				GCC_PREPROCESSOR_DEFINITIONS = (
					"DEBUG=1",
					"$(inherited)",
				);
				GCC_WARN_64_TO_32_BIT_CONVERSION = YES;
				GCC_WARN_ABOUT_RETURN_TYPE = YES_ERROR;
				GCC_WARN_UNDECLARED_SELECTOR = YES;
				GCC_WARN_UNINITIALIZED_AUTOS = YES_AGGRESSIVE;
				GCC_WARN_UNUSED_FUNCTION = YES;
				GCC_WARN_UNUSED_VARIABLE = YES;
				IPHONEOS_DEPLOYMENT_TARGET = 14.5;
				MTL_ENABLE_DEBUG_INFO = INCLUDE_SOURCE;
				MTL_FAST_MATH = YES;
				ONLY_ACTIVE_ARCH = YES;
				SDKROOT = iphoneos;
				SWIFT_ACTIVE_COMPILATION_CONDITIONS = DEBUG;
				SWIFT_OPTIMIZATION_LEVEL = "-Onone";
			};
			name = Debug;
		};
		C05740B0267A4A080063B25E /* Release */ = {
			isa = XCBuildConfiguration;
			buildSettings = {
				ALWAYS_SEARCH_USER_PATHS = NO;
				CLANG_ANALYZER_NONNULL = YES;
				CLANG_ANALYZER_NUMBER_OBJECT_CONVERSION = YES_AGGRESSIVE;
				CLANG_CXX_LANGUAGE_STANDARD = "gnu++14";
				CLANG_CXX_LIBRARY = "libc++";
				CLANG_ENABLE_MODULES = YES;
				CLANG_ENABLE_OBJC_ARC = YES;
				CLANG_ENABLE_OBJC_WEAK = YES;
				CLANG_WARN_BLOCK_CAPTURE_AUTORELEASING = YES;
				CLANG_WARN_BOOL_CONVERSION = YES;
				CLANG_WARN_COMMA = YES;
				CLANG_WARN_CONSTANT_CONVERSION = YES;
				CLANG_WARN_DEPRECATED_OBJC_IMPLEMENTATIONS = YES;
				CLANG_WARN_DIRECT_OBJC_ISA_USAGE = YES_ERROR;
				CLANG_WARN_DOCUMENTATION_COMMENTS = YES;
				CLANG_WARN_EMPTY_BODY = YES;
				CLANG_WARN_ENUM_CONVERSION = YES;
				CLANG_WARN_INFINITE_RECURSION = YES;
				CLANG_WARN_INT_CONVERSION = YES;
				CLANG_WARN_NON_LITERAL_NULL_CONVERSION = YES;
				CLANG_WARN_OBJC_IMPLICIT_RETAIN_SELF = YES;
				CLANG_WARN_OBJC_LITERAL_CONVERSION = YES;
				CLANG_WARN_OBJC_ROOT_CLASS = YES_ERROR;
				CLANG_WARN_QUOTED_INCLUDE_IN_FRAMEWORK_HEADER = YES;
				CLANG_WARN_RANGE_LOOP_ANALYSIS = YES;
				CLANG_WARN_STRICT_PROTOTYPES = YES;
				CLANG_WARN_SUSPICIOUS_MOVE = YES;
				CLANG_WARN_UNGUARDED_AVAILABILITY = YES_AGGRESSIVE;
				CLANG_WARN_UNREACHABLE_CODE = YES;
				CLANG_WARN__DUPLICATE_METHOD_MATCH = YES;
				COPY_PHASE_STRIP = NO;
				DEBUG_INFORMATION_FORMAT = "dwarf-with-dsym";
				ENABLE_NS_ASSERTIONS = NO;
				ENABLE_STRICT_OBJC_MSGSEND = YES;
				GCC_C_LANGUAGE_STANDARD = gnu11;
				GCC_NO_COMMON_BLOCKS = YES;
				GCC_WARN_64_TO_32_BIT_CONVERSION = YES;
				GCC_WARN_ABOUT_RETURN_TYPE = YES_ERROR;
				GCC_WARN_UNDECLARED_SELECTOR = YES;
				GCC_WARN_UNINITIALIZED_AUTOS = YES_AGGRESSIVE;
				GCC_WARN_UNUSED_FUNCTION = YES;
				GCC_WARN_UNUSED_VARIABLE = YES;
				IPHONEOS_DEPLOYMENT_TARGET = 14.5;
				MTL_ENABLE_DEBUG_INFO = NO;
				MTL_FAST_MATH = YES;
				SDKROOT = iphoneos;
				SWIFT_COMPILATION_MODE = wholemodule;
				SWIFT_OPTIMIZATION_LEVEL = "-O";
				VALIDATE_PRODUCT = YES;
			};
			name = Release;
		};
		C05740B2267A4A080063B25E /* Debug */ = {
			isa = XCBuildConfiguration;
			buildSettings = {
				ASSETCATALOG_COMPILER_APPICON_NAME = AppIcon;
				ASSETCATALOG_COMPILER_GLOBAL_ACCENT_COLOR_NAME = AccentColor;
				CODE_SIGN_STYLE = Automatic;
				INFOPLIST_FILE = MyHabits/Info.plist;
				LD_RUNPATH_SEARCH_PATHS = (
					"$(inherited)",
					"@executable_path/Frameworks",
				);
				PRODUCT_BUNDLE_IDENTIFIER = "nikolai-kharkevich.MyHabits";
				PRODUCT_NAME = "$(TARGET_NAME)";
				SWIFT_VERSION = 5.0;
				TARGETED_DEVICE_FAMILY = "1,2";
			};
			name = Debug;
		};
		C05740B3267A4A080063B25E /* Release */ = {
			isa = XCBuildConfiguration;
			buildSettings = {
				ASSETCATALOG_COMPILER_APPICON_NAME = AppIcon;
				ASSETCATALOG_COMPILER_GLOBAL_ACCENT_COLOR_NAME = AccentColor;
				CODE_SIGN_STYLE = Automatic;
				INFOPLIST_FILE = MyHabits/Info.plist;
				LD_RUNPATH_SEARCH_PATHS = (
					"$(inherited)",
					"@executable_path/Frameworks",
				);
				PRODUCT_BUNDLE_IDENTIFIER = "nikolai-kharkevich.MyHabits";
				PRODUCT_NAME = "$(TARGET_NAME)";
				SWIFT_VERSION = 5.0;
				TARGETED_DEVICE_FAMILY = "1,2";
			};
			name = Release;
		};
/* End XCBuildConfiguration section */

/* Begin XCConfigurationList section */
		C0574098267A4A060063B25E /* Build configuration list for PBXProject "MyHabits" */ = {
			isa = XCConfigurationList;
			buildConfigurations = (
				C05740AF267A4A080063B25E /* Debug */,
				C05740B0267A4A080063B25E /* Release */,
			);
			defaultConfigurationIsVisible = 0;
			defaultConfigurationName = Release;
		};
		C05740B1267A4A080063B25E /* Build configuration list for PBXNativeTarget "MyHabits" */ = {
			isa = XCConfigurationList;
			buildConfigurations = (
				C05740B2267A4A080063B25E /* Debug */,
				C05740B3267A4A080063B25E /* Release */,
			);
			defaultConfigurationIsVisible = 0;
			defaultConfigurationName = Release;
		};
/* End XCConfigurationList section */
	};
	rootObject = C0574095267A4A060063B25E /* Project object */;
}
